
Microsoft Visual Studio Solution File, Format Version 10.00
# Visual Studio 2008
Project("{FAE04EC0-301F-11D3-BF4B-00C04F79EFBC}") = "2011_01_18_Fibonacci", "2011_01_18_Fibonacci\2011_01_18_Fibonacci.csproj", "{32431BE4-2AE1-48BF-895C-BB6CB7E92E9F}"
EndProject
Global
	GlobalSection(SubversionScc) = preSolution
		Svn-Managed = True
		Manager = AnkhSVN - Subversion Support for Visual Studio
	EndGlobalSection
	GlobalSection(SolutionConfigurationPlatforms) = preSolution
		Debug|Any CPU = Debug|Any CPU
		Release|Any CPU = Release|Any CPU
	EndGlobalSection
	GlobalSection(ProjectConfigurationPlatforms) = postSolution
		{32431BE4-2AE1-48BF-895C-BB6CB7E92E9F}.Debug|Any CPU.ActiveCfg = Debug|Any CPU
		{32431BE4-2AE1-48BF-895C-BB6CB7E92E9F}.Debug|Any CPU.Build.0 = Debug|Any CPU
		{32431BE4-2AE1-48BF-895C-BB6CB7E92E9F}.Release|Any CPU.ActiveCfg = Release|Any CPU
		{32431BE4-2AE1-48BF-895C-BB6CB7E92E9F}.Release|Any CPU.Build.0 = Release|Any CPU
	EndGlobalSection
	GlobalSection(SolutionProperties) = preSolution
		HideSolutionNode = FALSE
	EndGlobalSection
EndGlobal
