Microsoft Visual Studio Solution File, Format Version 11.00
# Visual Studio 2010
Project("{8BC9CEB8-8B4A-11D0-8D11-00A0C91BC942}") = "ICA6", "ICA6.vcxproj", "{F683FAF6-3F84-4158-9129-2ACA3FEA0A90}"
EndProject
Global
	GlobalSection(SubversionScc) = preSolution
		Svn-Managed = True
		Manager = AnkhSVN - Subversion Support for Visual Studio
	EndGlobalSection
	GlobalSection(SolutionConfigurationPlatforms) = preSolution
		Debug|Win32 = Debug|Win32
		Release|Win32 = Release|Win32
	EndGlobalSection
	GlobalSection(ProjectConfigurationPlatforms) = postSolution
		{F683FAF6-3F84-4158-9129-2ACA3FEA0A90}.Debug|Win32.ActiveCfg = Debug|Win32
		{F683FAF6-3F84-4158-9129-2ACA3FEA0A90}.Debug|Win32.Build.0 = Debug|Win32
		{F683FAF6-3F84-4158-9129-2ACA3FEA0A90}.Release|Win32.ActiveCfg = Release|Win32
		{F683FAF6-3F84-4158-9129-2ACA3FEA0A90}.Release|Win32.Build.0 = Release|Win32
	EndGlobalSection
	GlobalSection(SolutionProperties) = preSolution
		HideSolutionNode = FALSE
	EndGlobalSection
EndGlobal
