Microsoft Visual Studio Solution File, Format Version 10.00
# Visual Studio 2008

Project("{53D11A9D-27FF-290F-DECD-22F4AD559E46}") = "FPS - Development", "Assembly-CSharp-firstpass-vs.csproj", "{2B07DCD5-7A2B-5D4E-94A7-2C25BBCD892C}"
EndProject
Project("{53D11A9D-27FF-290F-DECD-22F4AD559E46}") = "FPS - Development", "Assembly-CSharp-Editor-firstpass-vs.csproj", "{05A7E7F2-C5D9-C2C7-2BE3-0B231DB41129}"
EndProject
Global
	GlobalSection(SolutionConfigurationPlatforms) = preSolution
		Debug|Any CPU = Debug|Any CPU
		Release|Any CPU = Release|Any CPU
	EndGlobalSection
	GlobalSection(ProjectConfigurationPlatforms) = postSolution
		{2B07DCD5-7A2B-5D4E-94A7-2C25BBCD892C}.Debug|Any CPU.ActiveCfg = Debug|Any CPU
		{2B07DCD5-7A2B-5D4E-94A7-2C25BBCD892C}.Debug|Any CPU.Build.0 = Debug|Any CPU
		{2B07DCD5-7A2B-5D4E-94A7-2C25BBCD892C}.Release|Any CPU.ActiveCfg = Release|Any CPU
		{2B07DCD5-7A2B-5D4E-94A7-2C25BBCD892C}.Release|Any CPU.Build.0 = Release|Any CPU
		{05A7E7F2-C5D9-C2C7-2BE3-0B231DB41129}.Debug|Any CPU.ActiveCfg = Debug|Any CPU
		{05A7E7F2-C5D9-C2C7-2BE3-0B231DB41129}.Debug|Any CPU.Build.0 = Debug|Any CPU
		{05A7E7F2-C5D9-C2C7-2BE3-0B231DB41129}.Release|Any CPU.ActiveCfg = Release|Any CPU
		{05A7E7F2-C5D9-C2C7-2BE3-0B231DB41129}.Release|Any CPU.Build.0 = Release|Any CPU
	EndGlobalSection
	GlobalSection(SolutionProperties) = preSolution
		HideSolutionNode = FALSE
	EndGlobalSection
	
EndGlobal
