Microsoft Visual Studio Solution File, Format Version 11.00
# Visual Studio 2008

Project("{BECCF916-8BB6-70EB-0843-718223A39A64}") = "FPS - June 14 2011", "FPS - June 14 2011.csproj", "{5E3745B7-81D6-BBC2-4CB4-863442C2ED8A}"
EndProject
Global
	GlobalSection(SolutionConfigurationPlatforms) = preSolution
		Debug|Any CPU = Debug|Any CPU
		Release|Any CPU = Release|Any CPU
	EndGlobalSection
	GlobalSection(ProjectConfigurationPlatforms) = postSolution
		{5E3745B7-81D6-BBC2-4CB4-863442C2ED8A}.Debug|Any CPU.ActiveCfg = Debug|Any CPU
		{5E3745B7-81D6-BBC2-4CB4-863442C2ED8A}.Debug|Any CPU.Build.0 = Debug|Any CPU
		{5E3745B7-81D6-BBC2-4CB4-863442C2ED8A}.Release|Any CPU.ActiveCfg = Release|Any CPU
		{5E3745B7-81D6-BBC2-4CB4-863442C2ED8A}.Release|Any CPU.Build.0 = Release|Any CPU
	EndGlobalSection
	GlobalSection(SolutionProperties) = preSolution
		HideSolutionNode = FALSE
	EndGlobalSection
	
EndGlobal
