Microsoft Visual Studio Solution File, Format Version 10.00
# Visual Studio 2008

Project("{C123B11A-A670-6474-0877-8A3B81A21D70}") = "FPS", "FPS.csproj", "{6FF7203D-10F7-A8A1-AC53-1B56111CBA3C}"
EndProject
Global
	GlobalSection(SolutionConfigurationPlatforms) = preSolution
		Debug|Any CPU = Debug|Any CPU
		Release|Any CPU = Release|Any CPU
	EndGlobalSection
	GlobalSection(ProjectConfigurationPlatforms) = postSolution
		{6FF7203D-10F7-A8A1-AC53-1B56111CBA3C}.Debug|Any CPU.ActiveCfg = Debug|Any CPU
		{6FF7203D-10F7-A8A1-AC53-1B56111CBA3C}.Debug|Any CPU.Build.0 = Debug|Any CPU
		{6FF7203D-10F7-A8A1-AC53-1B56111CBA3C}.Release|Any CPU.ActiveCfg = Release|Any CPU
		{6FF7203D-10F7-A8A1-AC53-1B56111CBA3C}.Release|Any CPU.Build.0 = Release|Any CPU
	EndGlobalSection
	GlobalSection(SolutionProperties) = preSolution
		HideSolutionNode = FALSE
	EndGlobalSection
	
EndGlobal
