
Microsoft Visual Studio Solution File, Format Version 10.00
# Visual Studio 2008
Project("{FAE04EC0-301F-11D3-BF4B-00C04F79EFBC}") = "BATMAN", "MyFirstGame\BATMAN.csproj", "{D5DE4CB6-500D-4678-8618-6F26213452B4}"
EndProject
Global
	GlobalSection(SolutionConfigurationPlatforms) = preSolution
		Debug|x86 = Debug|x86
		Release|x86 = Release|x86
	EndGlobalSection
	GlobalSection(ProjectConfigurationPlatforms) = postSolution
		{D5DE4CB6-500D-4678-8618-6F26213452B4}.Debug|x86.ActiveCfg = Debug|x86
		{D5DE4CB6-500D-4678-8618-6F26213452B4}.Debug|x86.Build.0 = Debug|x86
		{D5DE4CB6-500D-4678-8618-6F26213452B4}.Release|x86.ActiveCfg = Release|x86
		{D5DE4CB6-500D-4678-8618-6F26213452B4}.Release|x86.Build.0 = Release|x86
		{CE352C10-362D-453B-9036-36FB443D419D}.Debug|x86.ActiveCfg = Debug|x86
		{CE352C10-362D-453B-9036-36FB443D419D}.Release|x86.ActiveCfg = Release|x86
	EndGlobalSection
	GlobalSection(SolutionProperties) = preSolution
		HideSolutionNode = FALSE
	EndGlobalSection
EndGlobal
