
Microsoft Visual Studio Solution File, Format Version 12.00
# Visual Studio 2013
VisualStudioVersion = 12.0.31101.0
MinimumVisualStudioVersion = 10.0.40219.1
Project("{FAE04EC0-301F-11D3-BF4B-00C04F79EFBC}") = "WebServiceProviderDemo", "WebServiceProviderDemo\WebServiceProviderDemo.csproj", "{9888D7BD-4F4E-43C3-8B2B-28A6F949BCF2}"
EndProject
Project("{FAE04EC0-301F-11D3-BF4B-00C04F79EFBC}") = "WebServiceConsumerDemo", "WebServiceConsumerDemo\WebServiceConsumerDemo.csproj", "{C11FA353-76F3-4C9C-9009-8B0CD443CB3F}"
	ProjectSection(ProjectDependencies) = postProject
		{9888D7BD-4F4E-43C3-8B2B-28A6F949BCF2} = {9888D7BD-4F4E-43C3-8B2B-28A6F949BCF2}
	EndProjectSection
EndProject
Global
	GlobalSection(SolutionConfigurationPlatforms) = preSolution
		Debug|Any CPU = Debug|Any CPU
		Release|Any CPU = Release|Any CPU
	EndGlobalSection
	GlobalSection(ProjectConfigurationPlatforms) = postSolution
		{9888D7BD-4F4E-43C3-8B2B-28A6F949BCF2}.Debug|Any CPU.ActiveCfg = Debug|Any CPU
		{9888D7BD-4F4E-43C3-8B2B-28A6F949BCF2}.Debug|Any CPU.Build.0 = Debug|Any CPU
		{9888D7BD-4F4E-43C3-8B2B-28A6F949BCF2}.Release|Any CPU.ActiveCfg = Release|Any CPU
		{9888D7BD-4F4E-43C3-8B2B-28A6F949BCF2}.Release|Any CPU.Build.0 = Release|Any CPU
		{C11FA353-76F3-4C9C-9009-8B0CD443CB3F}.Debug|Any CPU.ActiveCfg = Debug|Any CPU
		{C11FA353-76F3-4C9C-9009-8B0CD443CB3F}.Debug|Any CPU.Build.0 = Debug|Any CPU
		{C11FA353-76F3-4C9C-9009-8B0CD443CB3F}.Release|Any CPU.ActiveCfg = Release|Any CPU
		{C11FA353-76F3-4C9C-9009-8B0CD443CB3F}.Release|Any CPU.Build.0 = Release|Any CPU
	EndGlobalSection
	GlobalSection(SolutionProperties) = preSolution
		HideSolutionNode = FALSE
	EndGlobalSection
EndGlobal
