
Microsoft Visual Studio Solution File, Format Version 10.00
# Visual Studio 2008
Project("{FAE04EC0-301F-11D3-BF4B-00C04F79EFBC}") = "Assignment_3", "BucklandXNA2\Assignment_3.csproj", "{45DEC774-E928-42C9-A732-D6FAD07F23B9}"
EndProject
Project("{FAE04EC0-301F-11D3-BF4B-00C04F79EFBC}") = "XELibrary", "XELibrary\XELibrary.csproj", "{60C0DB54-90C7-49CF-A2BB-67B3A3B2ACD9}"
EndProject
Global
	GlobalSection(SubversionScc) = preSolution
		Svn-Managed = True
		Manager = AnkhSVN - Subversion Support for Visual Studio
	EndGlobalSection
	GlobalSection(SolutionConfigurationPlatforms) = preSolution
		Debug|x86 = Debug|x86
		Release|x86 = Release|x86
	EndGlobalSection
	GlobalSection(ProjectConfigurationPlatforms) = postSolution
		{45DEC774-E928-42C9-A732-D6FAD07F23B9}.Debug|x86.ActiveCfg = Debug|x86
		{45DEC774-E928-42C9-A732-D6FAD07F23B9}.Debug|x86.Build.0 = Debug|x86
		{45DEC774-E928-42C9-A732-D6FAD07F23B9}.Release|x86.ActiveCfg = Release|x86
		{45DEC774-E928-42C9-A732-D6FAD07F23B9}.Release|x86.Build.0 = Release|x86
		{60C0DB54-90C7-49CF-A2BB-67B3A3B2ACD9}.Debug|x86.ActiveCfg = Debug|x86
		{60C0DB54-90C7-49CF-A2BB-67B3A3B2ACD9}.Debug|x86.Build.0 = Debug|x86
		{60C0DB54-90C7-49CF-A2BB-67B3A3B2ACD9}.Release|x86.ActiveCfg = Release|x86
		{60C0DB54-90C7-49CF-A2BB-67B3A3B2ACD9}.Release|x86.Build.0 = Release|x86
		{6E98B6A8-E589-4A1E-A60A-750230D6345F}.Debug|x86.ActiveCfg = Debug|x86
		{6E98B6A8-E589-4A1E-A60A-750230D6345F}.Release|x86.ActiveCfg = Release|x86
		{4E07B0CE-F630-4F70-B81C-7C64B5B28065}.Debug|x86.ActiveCfg = Debug|x86
		{4E07B0CE-F630-4F70-B81C-7C64B5B28065}.Release|x86.ActiveCfg = Release|x86
	EndGlobalSection
	GlobalSection(SolutionProperties) = preSolution
		HideSolutionNode = FALSE
	EndGlobalSection
EndGlobal
