
Microsoft Visual Studio Solution File, Format Version 10.00
# Visual Studio 2008
Project("{FAE04EC0-301F-11D3-BF4B-00C04F79EFBC}") = "Oct_08_UnitConvertor", "Oct_08_UnitConvertor\Oct_08_UnitConvertor.csproj", "{A61312E7-473C-4169-B027-24F706D9937B}"
EndProject
Global
	GlobalSection(SolutionConfigurationPlatforms) = preSolution
		Debug|Any CPU = Debug|Any CPU
		Release|Any CPU = Release|Any CPU
	EndGlobalSection
	GlobalSection(ProjectConfigurationPlatforms) = postSolution
		{A61312E7-473C-4169-B027-24F706D9937B}.Debug|Any CPU.ActiveCfg = Debug|Any CPU
		{A61312E7-473C-4169-B027-24F706D9937B}.Debug|Any CPU.Build.0 = Debug|Any CPU
		{A61312E7-473C-4169-B027-24F706D9937B}.Release|Any CPU.ActiveCfg = Release|Any CPU
		{A61312E7-473C-4169-B027-24F706D9937B}.Release|Any CPU.Build.0 = Release|Any CPU
	EndGlobalSection
	GlobalSection(SolutionProperties) = preSolution
		HideSolutionNode = FALSE
	EndGlobalSection
EndGlobal
