
Microsoft Visual Studio Solution File, Format Version 10.00
# Visual Studio 2008
Project("{FAE04EC0-301F-11D3-BF4B-00C04F79EFBC}") = "SoccerXNA", "SoccerXNA\SoccerXNA.csproj", "{012BB0C8-CC2E-4C4F-B383-52E8187244FE}"
EndProject
Project("{FAE04EC0-301F-11D3-BF4B-00C04F79EFBC}") = "Common", "Common\Common.csproj", "{1E1F6ACE-3FFE-478B-9A34-1668F5C2BA3F}"
EndProject
Global
	GlobalSection(SubversionScc) = preSolution
		Svn-Managed = True
		Manager = AnkhSVN - Subversion Support for Visual Studio
	EndGlobalSection
	GlobalSection(SolutionConfigurationPlatforms) = preSolution
		Debug|x86 = Debug|x86
		Release|x86 = Release|x86
	EndGlobalSection
	GlobalSection(ProjectConfigurationPlatforms) = postSolution
		{012BB0C8-CC2E-4C4F-B383-52E8187244FE}.Debug|x86.ActiveCfg = Debug|x86
		{012BB0C8-CC2E-4C4F-B383-52E8187244FE}.Debug|x86.Build.0 = Debug|x86
		{012BB0C8-CC2E-4C4F-B383-52E8187244FE}.Release|x86.ActiveCfg = Release|x86
		{012BB0C8-CC2E-4C4F-B383-52E8187244FE}.Release|x86.Build.0 = Release|x86
		{1E1F6ACE-3FFE-478B-9A34-1668F5C2BA3F}.Debug|x86.ActiveCfg = Debug|x86
		{1E1F6ACE-3FFE-478B-9A34-1668F5C2BA3F}.Debug|x86.Build.0 = Debug|x86
		{1E1F6ACE-3FFE-478B-9A34-1668F5C2BA3F}.Release|x86.ActiveCfg = Release|x86
		{1E1F6ACE-3FFE-478B-9A34-1668F5C2BA3F}.Release|x86.Build.0 = Release|x86
		{EA566079-9054-4966-A3A6-7F17BF73A46A}.Debug|x86.ActiveCfg = Debug|x86
		{EA566079-9054-4966-A3A6-7F17BF73A46A}.Release|x86.ActiveCfg = Release|x86
		{D1BBD544-035D-478E-9511-67995E138D8B}.Debug|x86.ActiveCfg = Debug|x86
		{D1BBD544-035D-478E-9511-67995E138D8B}.Release|x86.ActiveCfg = Release|x86
	EndGlobalSection
	GlobalSection(SolutionProperties) = preSolution
		HideSolutionNode = FALSE
	EndGlobalSection
EndGlobal
