
Microsoft Visual Studio Solution File, Format Version 9.00
# Visual Studio 2005
Project("{8BC9CEB8-8B4A-11D0-8D11-00A0C91BC942}") = "LAB2", "LAB2\LAB2.vcproj", "{B5FB7152-3DA2-4B7B-845C-51885043C3CC}"
EndProject
Global
	GlobalSection(SubversionScc) = preSolution
		Svn-Managed = True
		Manager = AnkhSVN - Subversion Support for Visual Studio
	EndGlobalSection
	GlobalSection(SolutionConfigurationPlatforms) = preSolution
		Debug|Win32 = Debug|Win32
		Release|Win32 = Release|Win32
	EndGlobalSection
	GlobalSection(ProjectConfigurationPlatforms) = postSolution
		{B5FB7152-3DA2-4B7B-845C-51885043C3CC}.Debug|Win32.ActiveCfg = Debug|Win32
		{B5FB7152-3DA2-4B7B-845C-51885043C3CC}.Debug|Win32.Build.0 = Debug|Win32
		{B5FB7152-3DA2-4B7B-845C-51885043C3CC}.Release|Win32.ActiveCfg = Release|Win32
		{B5FB7152-3DA2-4B7B-845C-51885043C3CC}.Release|Win32.Build.0 = Release|Win32
	EndGlobalSection
	GlobalSection(SolutionProperties) = preSolution
		HideSolutionNode = FALSE
	EndGlobalSection
EndGlobal
