
Microsoft Visual Studio Solution File, Format Version 11.00
# Visual Studio 2010
Project("{FAE04EC0-301F-11D3-BF4B-00C04F79EFBC}") = "Oct_06_Tip_Calculator", "Oct_06_Tip_Calculator\Oct_06_Tip_Calculator.csproj", "{EC267ACE-A38E-429E-8441-C2874C485182}"
EndProject
Global
	GlobalSection(SubversionScc) = preSolution
		Svn-Managed = True
		Manager = AnkhSVN - Subversion Support for Visual Studio
	EndGlobalSection
	GlobalSection(SolutionConfigurationPlatforms) = preSolution
		Debug|Any CPU = Debug|Any CPU
		Release|Any CPU = Release|Any CPU
	EndGlobalSection
	GlobalSection(ProjectConfigurationPlatforms) = postSolution
		{EC267ACE-A38E-429E-8441-C2874C485182}.Debug|Any CPU.ActiveCfg = Debug|Any CPU
		{EC267ACE-A38E-429E-8441-C2874C485182}.Debug|Any CPU.Build.0 = Debug|Any CPU
		{EC267ACE-A38E-429E-8441-C2874C485182}.Release|Any CPU.ActiveCfg = Release|Any CPU
		{EC267ACE-A38E-429E-8441-C2874C485182}.Release|Any CPU.Build.0 = Release|Any CPU
	EndGlobalSection
	GlobalSection(SolutionProperties) = preSolution
		HideSolutionNode = FALSE
	EndGlobalSection
EndGlobal
